
Microsoft Visual Studio Solution File, Format Version 12.00
# Visual Studio Version 17
VisualStudioVersion = 17.1.32228.430
MinimumVisualStudioVersion = 10.0.40219.1
Project("{FAE04EC0-301F-11D3-BF4B-00C04F79EFBC}") = "codigoTarea", "codigoTarea\codigoTarea.csproj", "{08000DEF-A1B7-4499-9236-8EB79F8F5D84}"
EndProject
Global
	GlobalSection(SolutionConfigurationPlatforms) = preSolution
		Debug|Any CPU = Debug|Any CPU
		Release|Any CPU = Release|Any CPU
	EndGlobalSection
	GlobalSection(ProjectConfigurationPlatforms) = postSolution
		{08000DEF-A1B7-4499-9236-8EB79F8F5D84}.Debug|Any CPU.ActiveCfg = Debug|Any CPU
		{08000DEF-A1B7-4499-9236-8EB79F8F5D84}.Debug|Any CPU.Build.0 = Debug|Any CPU
		{08000DEF-A1B7-4499-9236-8EB79F8F5D84}.Release|Any CPU.ActiveCfg = Release|Any CPU
		{08000DEF-A1B7-4499-9236-8EB79F8F5D84}.Release|Any CPU.Build.0 = Release|Any CPU
	EndGlobalSection
	GlobalSection(SolutionProperties) = preSolution
		HideSolutionNode = FALSE
	EndGlobalSection
	GlobalSection(ExtensibilityGlobals) = postSolution
		SolutionGuid = {FB68B6B2-3A56-40C5-BA25-726209BFF426}
	EndGlobalSection
EndGlobal
